
Microsoft Visual Studio Solution File, Format Version 12.00
# Visual Studio Version 16
VisualStudioVersion = 16.0.30503.244
MinimumVisualStudioVersion = 10.0.40219.1
Project("{FAE04EC0-301F-11D3-BF4B-00C04F79EFBC}") = "arrayy", "arrayy\arrayy.csproj", "{6F8C6888-008B-4755-938D-28077A1CEA18}"
EndProject
Global
	GlobalSection(SolutionConfigurationPlatforms) = preSolution
		Debug|Any CPU = Debug|Any CPU
		Release|Any CPU = Release|Any CPU
	EndGlobalSection
	GlobalSection(ProjectConfigurationPlatforms) = postSolution
		{6F8C6888-008B-4755-938D-28077A1CEA18}.Debug|Any CPU.ActiveCfg = Debug|Any CPU
		{6F8C6888-008B-4755-938D-28077A1CEA18}.Debug|Any CPU.Build.0 = Debug|Any CPU
		{6F8C6888-008B-4755-938D-28077A1CEA18}.Release|Any CPU.ActiveCfg = Release|Any CPU
		{6F8C6888-008B-4755-938D-28077A1CEA18}.Release|Any CPU.Build.0 = Release|Any CPU
	EndGlobalSection
	GlobalSection(SolutionProperties) = preSolution
		HideSolutionNode = FALSE
	EndGlobalSection
	GlobalSection(ExtensibilityGlobals) = postSolution
		SolutionGuid = {D0C1A57B-E0EC-48E6-9AD9-FD36919B8C9E}
	EndGlobalSection
EndGlobal
